// !$*UTF8*$!
{
	archiveVersion = 1;
	classes = {
	};
	objectVersion = 56;
	objects = {

/* Begin PBXBuildFile section */
		220BB4742CA5E1B600C9D561 /* autoAppApp.swift in Sources */ = {isa = PBXBuildFile; fileRef = 220BB4732CA5E1B600C9D561 /* autoAppApp.swift */; };
		220BB4762CA5E1B600C9D561 /* ContentView.swift in Sources */ = {isa = PBXBuildFile; fileRef = 220BB4752CA5E1B600C9D561 /* ContentView.swift */; };
		220BB4782CA5E1B700C9D561 /* Assets.xcassets in Resources */ = {isa = PBXBuildFile; fileRef = 220BB4772CA5E1B700C9D561 /* Assets.xcassets */; };
		220BB47B2CA5E1B700C9D561 /* Preview Assets.xcassets in Resources */ = {isa = PBXBuildFile; fileRef = 220BB47A2CA5E1B700C9D561 /* Preview Assets.xcassets */; };
		220BB47D2CA5E1B700C9D561 /* Persistence.swift in Sources */ = {isa = PBXBuildFile; fileRef = 220BB47C2CA5E1B700C9D561 /* Persistence.swift */; };
		220BB4802CA5E1B700C9D561 /* autoApp.xcdatamodeld in Sources */ = {isa = PBXBuildFile; fileRef = 220BB47E2CA5E1B700C9D561 /* autoApp.xcdatamodeld */; };
		220BB48A2CA5E1B700C9D561 /* autoAppTests.swift in Sources */ = {isa = PBXBuildFile; fileRef = 220BB4892CA5E1B700C9D561 /* autoAppTests.swift */; };
		220BB4942CA5E1B700C9D561 /* autoAppUITests.swift in Sources */ = {isa = PBXBuildFile; fileRef = 220BB4932CA5E1B700C9D561 /* autoAppUITests.swift */; };
		220BB4962CA5E1B700C9D561 /* autoAppUITestsLaunchTests.swift in Sources */ = {isa = PBXBuildFile; fileRef = 220BB4952CA5E1B700C9D561 /* autoAppUITestsLaunchTests.swift */; };
		2294ED1E2CB861710024DA66 /* bookingForm.swift in Sources */ = {isa = PBXBuildFile; fileRef = 2294ED1D2CB861650024DA66 /* bookingForm.swift */; };
		2294ED5B2CB8AB710024DA66 /* disclaimer.swift in Sources */ = {isa = PBXBuildFile; fileRef = 2294ED5A2CB8AB5C0024DA66 /* disclaimer.swift */; };
		22D8F3492CAEFE3600E5133B /* CustomCalender.swift in Sources */ = {isa = PBXBuildFile; fileRef = 22D8F3482CAEFE1F00E5133B /* CustomCalender.swift */; };
/* End PBXBuildFile section */

/* Begin PBXContainerItemProxy section */
		220BB4862CA5E1B700C9D561 /* PBXContainerItemProxy */ = {
			isa = PBXContainerItemProxy;
			containerPortal = 220BB4682CA5E1B600C9D561 /* Project object */;
			proxyType = 1;
			remoteGlobalIDString = 220BB46F2CA5E1B600C9D561;
			remoteInfo = autoApp;
		};
		220BB4902CA5E1B700C9D561 /* PBXContainerItemProxy */ = {
			isa = PBXContainerItemProxy;
			containerPortal = 220BB4682CA5E1B600C9D561 /* Project object */;
			proxyType = 1;
			remoteGlobalIDString = 220BB46F2CA5E1B600C9D561;
			remoteInfo = autoApp;
		};
/* End PBXContainerItemProxy section */

/* Begin PBXFileReference section */
		220BB4702CA5E1B600C9D561 /* autoApp.app */ = {isa = PBXFileReference; explicitFileType = wrapper.application; includeInIndex = 0; path = autoApp.app; sourceTree = BUILT_PRODUCTS_DIR; };
		220BB4732CA5E1B600C9D561 /* autoAppApp.swift */ = {isa = PBXFileReference; lastKnownFileType = sourcecode.swift; path = autoAppApp.swift; sourceTree = "<group>"; };
		220BB4752CA5E1B600C9D561 /* ContentView.swift */ = {isa = PBXFileReference; lastKnownFileType = sourcecode.swift; path = ContentView.swift; sourceTree = "<group>"; };
		220BB4772CA5E1B700C9D561 /* Assets.xcassets */ = {isa = PBXFileReference; lastKnownFileType = folder.assetcatalog; path = Assets.xcassets; sourceTree = "<group>"; };
		220BB47A2CA5E1B700C9D561 /* Preview Assets.xcassets */ = {isa = PBXFileReference; lastKnownFileType = folder.assetcatalog; path = "Preview Assets.xcassets"; sourceTree = "<group>"; };
		220BB47C2CA5E1B700C9D561 /* Persistence.swift */ = {isa = PBXFileReference; lastKnownFileType = sourcecode.swift; path = Persistence.swift; sourceTree = "<group>"; };
		220BB47F2CA5E1B700C9D561 /* autoApp.xcdatamodel */ = {isa = PBXFileReference; lastKnownFileType = wrapper.xcdatamodel; path = autoApp.xcdatamodel; sourceTree = "<group>"; };
		220BB4852CA5E1B700C9D561 /* autoAppTests.xctest */ = {isa = PBXFileReference; explicitFileType = wrapper.cfbundle; includeInIndex = 0; path = autoAppTests.xctest; sourceTree = BUILT_PRODUCTS_DIR; };
		220BB4892CA5E1B700C9D561 /* autoAppTests.swift */ = {isa = PBXFileReference; lastKnownFileType = sourcecode.swift; path = autoAppTests.swift; sourceTree = "<group>"; };
		220BB48F2CA5E1B700C9D561 /* autoAppUITests.xctest */ = {isa = PBXFileReference; explicitFileType = wrapper.cfbundle; includeInIndex = 0; path = autoAppUITests.xctest; sourceTree = BUILT_PRODUCTS_DIR; };
		220BB4932CA5E1B700C9D561 /* autoAppUITests.swift */ = {isa = PBXFileReference; lastKnownFileType = sourcecode.swift; path = autoAppUITests.swift; sourceTree = "<group>"; };
		220BB4952CA5E1B700C9D561 /* autoAppUITestsLaunchTests.swift */ = {isa = PBXFileReference; lastKnownFileType = sourcecode.swift; path = autoAppUITestsLaunchTests.swift; sourceTree = "<group>"; };
		2294ED1D2CB861650024DA66 /* bookingForm.swift */ = {isa = PBXFileReference; lastKnownFileType = sourcecode.swift; path = bookingForm.swift; sourceTree = "<group>"; };
		2294ED5A2CB8AB5C0024DA66 /* disclaimer.swift */ = {isa = PBXFileReference; lastKnownFileType = sourcecode.swift; path = disclaimer.swift; sourceTree = "<group>"; };
		22D8F3482CAEFE1F00E5133B /* CustomCalender.swift */ = {isa = PBXFileReference; lastKnownFileType = sourcecode.swift; path = CustomCalender.swift; sourceTree = "<group>"; };
/* End PBXFileReference section */

/* Begin PBXFrameworksBuildPhase section */
		220BB46D2CA5E1B600C9D561 /* Frameworks */ = {
			isa = PBXFrameworksBuildPhase;
			buildActionMask = 2147483647;
			files = (
			);
			runOnlyForDeploymentPostprocessing = 0;
		};
		220BB4822CA5E1B700C9D561 /* Frameworks */ = {
			isa = PBXFrameworksBuildPhase;
			buildActionMask = 2147483647;
			files = (
			);
			runOnlyForDeploymentPostprocessing = 0;
		};
		220BB48C2CA5E1B700C9D561 /* Frameworks */ = {
			isa = PBXFrameworksBuildPhase;
			buildActionMask = 2147483647;
			files = (
			);
			runOnlyForDeploymentPostprocessing = 0;
		};
/* End PBXFrameworksBuildPhase section */

/* Begin PBXGroup section */
		220BB4672CA5E1B600C9D561 = {
			isa = PBXGroup;
			children = (
				220BB4722CA5E1B600C9D561 /* autoApp */,
				220BB4882CA5E1B700C9D561 /* autoAppTests */,
				220BB4922CA5E1B700C9D561 /* autoAppUITests */,
				220BB4712CA5E1B600C9D561 /* Products */,
			);
			sourceTree = "<group>";
		};
		220BB4712CA5E1B600C9D561 /* Products */ = {
			isa = PBXGroup;
			children = (
				220BB4702CA5E1B600C9D561 /* autoApp.app */,
				220BB4852CA5E1B700C9D561 /* autoAppTests.xctest */,
				220BB48F2CA5E1B700C9D561 /* autoAppUITests.xctest */,
			);
			name = Products;
			sourceTree = "<group>";
		};
		220BB4722CA5E1B600C9D561 /* autoApp */ = {
			isa = PBXGroup;
			children = (
				220BB4732CA5E1B600C9D561 /* autoAppApp.swift */,
				220BB4752CA5E1B600C9D561 /* ContentView.swift */,
				22D8F3482CAEFE1F00E5133B /* CustomCalender.swift */,
				2294ED1D2CB861650024DA66 /* bookingForm.swift */,
				2294ED5A2CB8AB5C0024DA66 /* disclaimer.swift */,
				220BB4772CA5E1B700C9D561 /* Assets.xcassets */,
				220BB47C2CA5E1B700C9D561 /* Persistence.swift */,
				220BB47E2CA5E1B700C9D561 /* autoApp.xcdatamodeld */,
				220BB4792CA5E1B700C9D561 /* Preview Content */,
			);
			path = autoApp;
			sourceTree = "<group>";
		};
		220BB4792CA5E1B700C9D561 /* Preview Content */ = {
			isa = PBXGroup;
			children = (
				220BB47A2CA5E1B700C9D561 /* Preview Assets.xcassets */,
			);
			path = "Preview Content";
			sourceTree = "<group>";
		};
		220BB4882CA5E1B700C9D561 /* autoAppTests */ = {
			isa = PBXGroup;
			children = (
				220BB4892CA5E1B700C9D561 /* autoAppTests.swift */,
			);
			path = autoAppTests;
			sourceTree = "<group>";
		};
		220BB4922CA5E1B700C9D561 /* autoAppUITests */ = {
			isa = PBXGroup;
			children = (
				220BB4932CA5E1B700C9D561 /* autoAppUITests.swift */,
				220BB4952CA5E1B700C9D561 /* autoAppUITestsLaunchTests.swift */,
			);
			path = autoAppUITests;
			sourceTree = "<group>";
		};
/* End PBXGroup section */

/* Begin PBXNativeTarget section */
		220BB46F2CA5E1B600C9D561 /* autoApp */ = {
			isa = PBXNativeTarget;
			buildConfigurationList = 220BB4992CA5E1B700C9D561 /* Build configuration list for PBXNativeTarget "autoApp" */;
			buildPhases = (
				220BB46C2CA5E1B600C9D561 /* Sources */,
				220BB46D2CA5E1B600C9D561 /* Frameworks */,
				220BB46E2CA5E1B600C9D561 /* Resources */,
			);
			buildRules = (
			);
			dependencies = (
			);
			name = autoApp;
			productName = autoApp;
			productReference = 220BB4702CA5E1B600C9D561 /* autoApp.app */;
			productType = "com.apple.product-type.application";
		};
		220BB4842CA5E1B700C9D561 /* autoAppTests */ = {
			isa = PBXNativeTarget;
			buildConfigurationList = 220BB49C2CA5E1B700C9D561 /* Build configuration list for PBXNativeTarget "autoAppTests" */;
			buildPhases = (
				220BB4812CA5E1B700C9D561 /* Sources */,
				220BB4822CA5E1B700C9D561 /* Frameworks */,
				220BB4832CA5E1B700C9D561 /* Resources */,
			);
			buildRules = (
			);
			dependencies = (
				220BB4872CA5E1B700C9D561 /* PBXTargetDependency */,
			);
			name = autoAppTests;
			productName = autoAppTests;
			productReference = 220BB4852CA5E1B700C9D561 /* autoAppTests.xctest */;
			productType = "com.apple.product-type.bundle.unit-test";
		};
		220BB48E2CA5E1B700C9D561 /* autoAppUITests */ = {
			isa = PBXNativeTarget;
			buildConfigurationList = 220BB49F2CA5E1B700C9D561 /* Build configuration list for PBXNativeTarget "autoAppUITests" */;
			buildPhases = (
				220BB48B2CA5E1B700C9D561 /* Sources */,
				220BB48C2CA5E1B700C9D561 /* Frameworks */,
				220BB48D2CA5E1B700C9D561 /* Resources */,
			);
			buildRules = (
			);
			dependencies = (
				220BB4912CA5E1B700C9D561 /* PBXTargetDependency */,
			);
			name = autoAppUITests;
			productName = autoAppUITests;
			productReference = 220BB48F2CA5E1B700C9D561 /* autoAppUITests.xctest */;
			productType = "com.apple.product-type.bundle.ui-testing";
		};
/* End PBXNativeTarget section */

/* Begin PBXProject section */
		220BB4682CA5E1B600C9D561 /* Project object */ = {
			isa = PBXProject;
			attributes = {
				BuildIndependentTargetsInParallel = 1;
				LastSwiftUpdateCheck = 1540;
				LastUpgradeCheck = 1600;
				TargetAttributes = {
					220BB46F2CA5E1B600C9D561 = {
						CreatedOnToolsVersion = 15.4;
					};
					220BB4842CA5E1B700C9D561 = {
						CreatedOnToolsVersion = 15.4;
						TestTargetID = 220BB46F2CA5E1B600C9D561;
					};
					220BB48E2CA5E1B700C9D561 = {
						CreatedOnToolsVersion = 15.4;
						TestTargetID = 220BB46F2CA5E1B600C9D561;
					};
				};
			};
			buildConfigurationList = 220BB46B2CA5E1B600C9D561 /* Build configuration list for PBXProject "autoApp" */;
			compatibilityVersion = "Xcode 14.0";
			developmentRegion = en;
			hasScannedForEncodings = 0;
			knownRegions = (
				en,
				Base,
			);
			mainGroup = 220BB4672CA5E1B600C9D561;
			packageReferences = (
				2294ED972CBB517E0024DA66 /* XCRemoteSwiftPackageReference "firebase-ios-sdk" */,
			);
			productRefGroup = 220BB4712CA5E1B600C9D561 /* Products */;
			projectDirPath = "";
			projectRoot = "";
			targets = (
				220BB46F2CA5E1B600C9D561 /* autoApp */,
				220BB4842CA5E1B700C9D561 /* autoAppTests */,
				220BB48E2CA5E1B700C9D561 /* autoAppUITests */,
			);
		};
/* End PBXProject section */

/* Begin PBXResourcesBuildPhase section */
		220BB46E2CA5E1B600C9D561 /* Resources */ = {
			isa = PBXResourcesBuildPhase;
			buildActionMask = 2147483647;
			files = (
				220BB47B2CA5E1B700C9D561 /* Preview Assets.xcassets in Resources */,
				220BB4782CA5E1B700C9D561 /* Assets.xcassets in Resources */,
			);
			runOnlyForDeploymentPostprocessing = 0;
		};
		220BB4832CA5E1B700C9D561 /* Resources */ = {
			isa = PBXResourcesBuildPhase;
			buildActionMask = 2147483647;
			files = (
			);
			runOnlyForDeploymentPostprocessing = 0;
		};
		220BB48D2CA5E1B700C9D561 /* Resources */ = {
			isa = PBXResourcesBuildPhase;
			buildActionMask = 2147483647;
			files = (
			);
			runOnlyForDeploymentPostprocessing = 0;
		};
/* End PBXResourcesBuildPhase section */

/* Begin PBXSourcesBuildPhase section */
		220BB46C2CA5E1B600C9D561 /* Sources */ = {
			isa = PBXSourcesBuildPhase;
			buildActionMask = 2147483647;
			files = (
				220BB47D2CA5E1B700C9D561 /* Persistence.swift in Sources */,
				220BB4762CA5E1B600C9D561 /* ContentView.swift in Sources */,
				220BB4802CA5E1B700C9D561 /* autoApp.xcdatamodeld in Sources */,
				2294ED1E2CB861710024DA66 /* bookingForm.swift in Sources */,
				220BB4742CA5E1B600C9D561 /* autoAppApp.swift in Sources */,
				2294ED5B2CB8AB710024DA66 /* disclaimer.swift in Sources */,
				22D8F3492CAEFE3600E5133B /* CustomCalender.swift in Sources */,
			);
			runOnlyForDeploymentPostprocessing = 0;
		};
		220BB4812CA5E1B700C9D561 /* Sources */ = {
			isa = PBXSourcesBuildPhase;
			buildActionMask = 2147483647;
			files = (
				220BB48A2CA5E1B700C9D561 /* autoAppTests.swift in Sources */,
			);
			runOnlyForDeploymentPostprocessing = 0;
		};
		220BB48B2CA5E1B700C9D561 /* Sources */ = {
			isa = PBXSourcesBuildPhase;
			buildActionMask = 2147483647;
			files = (
				220BB4942CA5E1B700C9D561 /* autoAppUITests.swift in Sources */,
				220BB4962CA5E1B700C9D561 /* autoAppUITestsLaunchTests.swift in Sources */,
			);
			runOnlyForDeploymentPostprocessing = 0;
		};
/* End PBXSourcesBuildPhase section */

/* Begin PBXTargetDependency section */
		220BB4872CA5E1B700C9D561 /* PBXTargetDependency */ = {
			isa = PBXTargetDependency;
			target = 220BB46F2CA5E1B600C9D561 /* autoApp */;
			targetProxy = 220BB4862CA5E1B700C9D561 /* PBXContainerItemProxy */;
		};
		220BB4912CA5E1B700C9D561 /* PBXTargetDependency */ = {
			isa = PBXTargetDependency;
			target = 220BB46F2CA5E1B600C9D561 /* autoApp */;
			targetProxy = 220BB4902CA5E1B700C9D561 /* PBXContainerItemProxy */;
		};
/* End PBXTargetDependency section */

/* Begin XCBuildConfiguration section */
		220BB4972CA5E1B700C9D561 /* Debug */ = {
			isa = XCBuildConfiguration;
			buildSettings = {
				ALWAYS_SEARCH_USER_PATHS = NO;
				ASSETCATALOG_COMPILER_GENERATE_SWIFT_ASSET_SYMBOL_EXTENSIONS = YES;
				CLANG_ANALYZER_NONNULL = YES;
				CLANG_ANALYZER_NUMBER_OBJECT_CONVERSION = YES_AGGRESSIVE;
				CLANG_CXX_LANGUAGE_STANDARD = "gnu++20";
				CLANG_ENABLE_MODULES = YES;
				CLANG_ENABLE_OBJC_ARC = YES;
				CLANG_ENABLE_OBJC_WEAK = YES;
				CLANG_WARN_BLOCK_CAPTURE_AUTORELEASING = YES;
				CLANG_WARN_BOOL_CONVERSION = YES;
				CLANG_WARN_COMMA = YES;
				CLANG_WARN_CONSTANT_CONVERSION = YES;
				CLANG_WARN_DEPRECATED_OBJC_IMPLEMENTATIONS = YES;
				CLANG_WARN_DIRECT_OBJC_ISA_USAGE = YES_ERROR;
				CLANG_WARN_DOCUMENTATION_COMMENTS = YES;
				CLANG_WARN_EMPTY_BODY = YES;
				CLANG_WARN_ENUM_CONVERSION = YES;
				CLANG_WARN_INFINITE_RECURSION = YES;
				CLANG_WARN_INT_CONVERSION = YES;
				CLANG_WARN_NON_LITERAL_NULL_CONVERSION = YES;
				CLANG_WARN_OBJC_IMPLICIT_RETAIN_SELF = YES;
				CLANG_WARN_OBJC_LITERAL_CONVERSION = YES;
				CLANG_WARN_OBJC_ROOT_CLASS = YES_ERROR;
				CLANG_WARN_QUOTED_INCLUDE_IN_FRAMEWORK_HEADER = YES;
				CLANG_WARN_RANGE_LOOP_ANALYSIS = YES;
				CLANG_WARN_STRICT_PROTOTYPES = YES;
				CLANG_WARN_SUSPICIOUS_MOVE = YES;
				CLANG_WARN_UNGUARDED_AVAILABILITY = YES_AGGRESSIVE;
				CLANG_WARN_UNREACHABLE_CODE = YES;
				CLANG_WARN__DUPLICATE_METHOD_MATCH = YES;
				COPY_PHASE_STRIP = NO;
				DEBUG_INFORMATION_FORMAT = dwarf;
				ENABLE_STRICT_OBJC_MSGSEND = YES;
				ENABLE_TESTABILITY = YES;
				ENABLE_USER_SCRIPT_SANDBOXING = YES;
				GCC_C_LANGUAGE_STANDARD = gnu17;
				GCC_DYNAMIC_NO_PIC = NO;
				GCC_NO_COMMON_BLOCKS = YES;
				GCC_OPTIMIZATION_LEVEL = 0;
				GCC_PREPROCESSOR_DEFINITIONS = (
					"DEBUG=1",
					"$(inherited)",
				);
				GCC_WARN_64_TO_32_BIT_CONVERSION = YES;
				GCC_WARN_ABOUT_RETURN_TYPE = YES_ERROR;
				GCC_WARN_UNDECLARED_SELECTOR = YES;
				GCC_WARN_UNINITIALIZED_AUTOS = YES_AGGRESSIVE;
				GCC_WARN_UNUSED_FUNCTION = YES;
				GCC_WARN_UNUSED_VARIABLE = YES;
				IPHONEOS_DEPLOYMENT_TARGET = 17.5;
				LOCALIZATION_PREFERS_STRING_CATALOGS = YES;
				MTL_ENABLE_DEBUG_INFO = INCLUDE_SOURCE;
				MTL_FAST_MATH = YES;
				ONLY_ACTIVE_ARCH = YES;
				SDKROOT = iphoneos;
				SWIFT_ACTIVE_COMPILATION_CONDITIONS = "DEBUG $(inherited)";
				SWIFT_OPTIMIZATION_LEVEL = "-Onone";
			};
			name = Debug;
		};
		220BB4982CA5E1B700C9D561 /* Release */ = {
			isa = XCBuildConfiguration;
			buildSettings = {
				ALWAYS_SEARCH_USER_PATHS = NO;
				ASSETCATALOG_COMPILER_GENERATE_SWIFT_ASSET_SYMBOL_EXTENSIONS = YES;
				CLANG_ANALYZER_NONNULL = YES;
				CLANG_ANALYZER_NUMBER_OBJECT_CONVERSION = YES_AGGRESSIVE;
				CLANG_CXX_LANGUAGE_STANDARD = "gnu++20";
				CLANG_ENABLE_MODULES = YES;
				CLANG_ENABLE_OBJC_ARC = YES;
				CLANG_ENABLE_OBJC_WEAK = YES;
				CLANG_WARN_BLOCK_CAPTURE_AUTORELEASING = YES;
				CLANG_WARN_BOOL_CONVERSION = YES;
				CLANG_WARN_COMMA = YES;
				CLANG_WARN_CONSTANT_CONVERSION = YES;
				CLANG_WARN_DEPRECATED_OBJC_IMPLEMENTATIONS = YES;
				CLANG_WARN_DIRECT_OBJC_ISA_USAGE = YES_ERROR;
				CLANG_WARN_DOCUMENTATION_COMMENTS = YES;
				CLANG_WARN_EMPTY_BODY = YES;
				CLANG_WARN_ENUM_CONVERSION = YES;
				CLANG_WARN_INFINITE_RECURSION = YES;
				CLANG_WARN_INT_CONVERSION = YES;
				CLANG_WARN_NON_LITERAL_NULL_CONVERSION = YES;
				CLANG_WARN_OBJC_IMPLICIT_RETAIN_SELF = YES;
				CLANG_WARN_OBJC_LITERAL_CONVERSION = YES;
				CLANG_WARN_OBJC_ROOT_CLASS = YES_ERROR;
				CLANG_WARN_QUOTED_INCLUDE_IN_FRAMEWORK_HEADER = YES;
				CLANG_WARN_RANGE_LOOP_ANALYSIS = YES;
				CLANG_WARN_STRICT_PROTOTYPES = YES;
				CLANG_WARN_SUSPICIOUS_MOVE = YES;
				CLANG_WARN_UNGUARDED_AVAILABILITY = YES_AGGRESSIVE;
				CLANG_WARN_UNREACHABLE_CODE = YES;
				CLANG_WARN__DUPLICATE_METHOD_MATCH = YES;
				COPY_PHASE_STRIP = NO;
				DEBUG_INFORMATION_FORMAT = "dwarf-with-dsym";
				ENABLE_NS_ASSERTIONS = NO;
				ENABLE_STRICT_OBJC_MSGSEND = YES;
				ENABLE_USER_SCRIPT_SANDBOXING = YES;
				GCC_C_LANGUAGE_STANDARD = gnu17;
				GCC_NO_COMMON_BLOCKS = YES;
				GCC_WARN_64_TO_32_BIT_CONVERSION = YES;
				GCC_WARN_ABOUT_RETURN_TYPE = YES_ERROR;
				GCC_WARN_UNDECLARED_SELECTOR = YES;
				GCC_WARN_UNINITIALIZED_AUTOS = YES_AGGRESSIVE;
				GCC_WARN_UNUSED_FUNCTION = YES;
				GCC_WARN_UNUSED_VARIABLE = YES;
				IPHONEOS_DEPLOYMENT_TARGET = 17.5;
				LOCALIZATION_PREFERS_STRING_CATALOGS = YES;
				MTL_ENABLE_DEBUG_INFO = NO;
				MTL_FAST_MATH = YES;
				SDKROOT = iphoneos;
				SWIFT_COMPILATION_MODE = wholemodule;
				VALIDATE_PRODUCT = YES;
			};
			name = Release;
		};
		220BB49A2CA5E1B700C9D561 /* Debug */ = {
			isa = XCBuildConfiguration;
			buildSettings = {
				ASSETCATALOG_COMPILER_APPICON_NAME = AppIcon;
				ASSETCATALOG_COMPILER_GLOBAL_ACCENT_COLOR_NAME = AccentColor;
				CODE_SIGN_STYLE = Automatic;
				CURRENT_PROJECT_VERSION = 1;
				DEVELOPMENT_ASSET_PATHS = "\"autoApp/Preview Content\"";
				DEVELOPMENT_TEAM = T44788J83Y;
				ENABLE_PREVIEWS = YES;
				GENERATE_INFOPLIST_FILE = YES;
				INFOPLIST_KEY_UIApplicationSceneManifest_Generation = YES;
				INFOPLIST_KEY_UIApplicationSupportsIndirectInputEvents = YES;
				INFOPLIST_KEY_UILaunchScreen_Generation = YES;
				INFOPLIST_KEY_UISupportedInterfaceOrientations_iPad = "UIInterfaceOrientationPortrait UIInterfaceOrientationPortraitUpsideDown UIInterfaceOrientationLandscapeLeft UIInterfaceOrientationLandscapeRight";
				INFOPLIST_KEY_UISupportedInterfaceOrientations_iPhone = "UIInterfaceOrientationPortrait UIInterfaceOrientationLandscapeLeft UIInterfaceOrientationLandscapeRight";
				LD_RUNPATH_SEARCH_PATHS = (
					"$(inherited)",
					"@executable_path/Frameworks",
				);
				MARKETING_VERSION = 1.0;
				PRODUCT_BUNDLE_IDENTIFIER = Tabita.autoApp;
				PRODUCT_NAME = "$(TARGET_NAME)";
				SWIFT_EMIT_LOC_STRINGS = YES;
				SWIFT_VERSION = 5.0;
				TARGETED_DEVICE_FAMILY = "1,2";
			};
			name = Debug;
		};
		220BB49B2CA5E1B700C9D561 /* Release */ = {
			isa = XCBuildConfiguration;
			buildSettings = {
				ASSETCATALOG_COMPILER_APPICON_NAME = AppIcon;
				ASSETCATALOG_COMPILER_GLOBAL_ACCENT_COLOR_NAME = AccentColor;
				CODE_SIGN_STYLE = Automatic;
				CURRENT_PROJECT_VERSION = 1;
				DEVELOPMENT_ASSET_PATHS = "\"autoApp/Preview Content\"";
				DEVELOPMENT_TEAM = T44788J83Y;
				ENABLE_PREVIEWS = YES;
				GENERATE_INFOPLIST_FILE = YES;
				INFOPLIST_KEY_UIApplicationSceneManifest_Generation = YES;
				INFOPLIST_KEY_UIApplicationSupportsIndirectInputEvents = YES;
				INFOPLIST_KEY_UILaunchScreen_Generation = YES;
				INFOPLIST_KEY_UISupportedInterfaceOrientations_iPad = "UIInterfaceOrientationPortrait UIInterfaceOrientationPortraitUpsideDown UIInterfaceOrientationLandscapeLeft UIInterfaceOrientationLandscapeRight";
				INFOPLIST_KEY_UISupportedInterfaceOrientations_iPhone = "UIInterfaceOrientationPortrait UIInterfaceOrientationLandscapeLeft UIInterfaceOrientationLandscapeRight";
				LD_RUNPATH_SEARCH_PATHS = (
					"$(inherited)",
					"@executable_path/Frameworks",
				);
				MARKETING_VERSION = 1.0;
				PRODUCT_BUNDLE_IDENTIFIER = Tabita.autoApp;
				PRODUCT_NAME = "$(TARGET_NAME)";
				SWIFT_EMIT_LOC_STRINGS = YES;
				SWIFT_VERSION = 5.0;
				TARGETED_DEVICE_FAMILY = "1,2";
			};
			name = Release;
		};
		220BB49D2CA5E1B700C9D561 /* Debug */ = {
			isa = XCBuildConfiguration;
			buildSettings = {
				BUNDLE_LOADER = "$(TEST_HOST)";
				CODE_SIGN_STYLE = Automatic;
				CURRENT_PROJECT_VERSION = 1;
				DEVELOPMENT_TEAM = T44788J83Y;
				GENERATE_INFOPLIST_FILE = YES;
				IPHONEOS_DEPLOYMENT_TARGET = 17.5;
				MARKETING_VERSION = 1.0;
				PRODUCT_BUNDLE_IDENTIFIER = Tabita.autoAppTests;
				PRODUCT_NAME = "$(TARGET_NAME)";
				SWIFT_EMIT_LOC_STRINGS = NO;
				SWIFT_VERSION = 5.0;
				TARGETED_DEVICE_FAMILY = "1,2";
				TEST_HOST = "$(BUILT_PRODUCTS_DIR)/autoApp.app/$(BUNDLE_EXECUTABLE_FOLDER_PATH)/autoApp";
			};
			name = Debug;
		};
		220BB49E2CA5E1B700C9D561 /* Release */ = {
			isa = XCBuildConfiguration;
			buildSettings = {
				BUNDLE_LOADER = "$(TEST_HOST)";
				CODE_SIGN_STYLE = Automatic;
				CURRENT_PROJECT_VERSION = 1;
				DEVELOPMENT_TEAM = T44788J83Y;
				GENERATE_INFOPLIST_FILE = YES;
				IPHONEOS_DEPLOYMENT_TARGET = 17.5;
				MARKETING_VERSION = 1.0;
				PRODUCT_BUNDLE_IDENTIFIER = Tabita.autoAppTests;
				PRODUCT_NAME = "$(TARGET_NAME)";
				SWIFT_EMIT_LOC_STRINGS = NO;
				SWIFT_VERSION = 5.0;
				TARGETED_DEVICE_FAMILY = "1,2";
				TEST_HOST = "$(BUILT_PRODUCTS_DIR)/autoApp.app/$(BUNDLE_EXECUTABLE_FOLDER_PATH)/autoApp";
			};
			name = Release;
		};
		220BB4A02CA5E1B700C9D561 /* Debug */ = {
			isa = XCBuildConfiguration;
			buildSettings = {
				CODE_SIGN_STYLE = Automatic;
				CURRENT_PROJECT_VERSION = 1;
				DEVELOPMENT_TEAM = T44788J83Y;
				GENERATE_INFOPLIST_FILE = YES;
				MARKETING_VERSION = 1.0;
				PRODUCT_BUNDLE_IDENTIFIER = Tabita.autoAppUITests;
				PRODUCT_NAME = "$(TARGET_NAME)";
				SWIFT_EMIT_LOC_STRINGS = NO;
				SWIFT_VERSION = 5.0;
				TARGETED_DEVICE_FAMILY = "1,2";
				TEST_TARGET_NAME = autoApp;
			};
			name = Debug;
		};
		220BB4A12CA5E1B700C9D561 /* Release */ = {
			isa = XCBuildConfiguration;
			buildSettings = {
				CODE_SIGN_STYLE = Automatic;
				CURRENT_PROJECT_VERSION = 1;
				DEVELOPMENT_TEAM = T44788J83Y;
				GENERATE_INFOPLIST_FILE = YES;
				MARKETING_VERSION = 1.0;
				PRODUCT_BUNDLE_IDENTIFIER = Tabita.autoAppUITests;
				PRODUCT_NAME = "$(TARGET_NAME)";
				SWIFT_EMIT_LOC_STRINGS = NO;
				SWIFT_VERSION = 5.0;
				TARGETED_DEVICE_FAMILY = "1,2";
				TEST_TARGET_NAME = autoApp;
			};
			name = Release;
		};
/* End XCBuildConfiguration section */

/* Begin XCConfigurationList section */
		220BB46B2CA5E1B600C9D561 /* Build configuration list for PBXProject "autoApp" */ = {
			isa = XCConfigurationList;
			buildConfigurations = (
				220BB4972CA5E1B700C9D561 /* Debug */,
				220BB4982CA5E1B700C9D561 /* Release */,
			);
			defaultConfigurationIsVisible = 0;
			defaultConfigurationName = Release;
		};
		220BB4992CA5E1B700C9D561 /* Build configuration list for PBXNativeTarget "autoApp" */ = {
			isa = XCConfigurationList;
			buildConfigurations = (
				220BB49A2CA5E1B700C9D561 /* Debug */,
				220BB49B2CA5E1B700C9D561 /* Release */,
			);
			defaultConfigurationIsVisible = 0;
			defaultConfigurationName = Release;
		};
		220BB49C2CA5E1B700C9D561 /* Build configuration list for PBXNativeTarget "autoAppTests" */ = {
			isa = XCConfigurationList;
			buildConfigurations = (
				220BB49D2CA5E1B700C9D561 /* Debug */,
				220BB49E2CA5E1B700C9D561 /* Release */,
			);
			defaultConfigurationIsVisible = 0;
			defaultConfigurationName = Release;
		};
		220BB49F2CA5E1B700C9D561 /* Build configuration list for PBXNativeTarget "autoAppUITests" */ = {
			isa = XCConfigurationList;
			buildConfigurations = (
				220BB4A02CA5E1B700C9D561 /* Debug */,
				220BB4A12CA5E1B700C9D561 /* Release */,
			);
			defaultConfigurationIsVisible = 0;
			defaultConfigurationName = Release;
		};
/* End XCConfigurationList section */

/* Begin XCRemoteSwiftPackageReference section */
		2294ED972CBB517E0024DA66 /* XCRemoteSwiftPackageReference "firebase-ios-sdk" */ = {
			isa = XCRemoteSwiftPackageReference;
			repositoryURL = "https://github.com/firebase/firebase-ios-sdk";
			requirement = {
				kind = upToNextMajorVersion;
				minimumVersion = 11.3.0;
			};
		};
/* End XCRemoteSwiftPackageReference section */

/* Begin XCVersionGroup section */
		220BB47E2CA5E1B700C9D561 /* autoApp.xcdatamodeld */ = {
			isa = XCVersionGroup;
			children = (
				220BB47F2CA5E1B700C9D561 /* autoApp.xcdatamodel */,
			);
			currentVersion = 220BB47F2CA5E1B700C9D561 /* autoApp.xcdatamodel */;
			path = autoApp.xcdatamodeld;
			sourceTree = "<group>";
			versionGroupType = wrapper.xcdatamodel;
		};
/* End XCVersionGroup section */
	};
	rootObject = 220BB4682CA5E1B600C9D561 /* Project object */;
}
